{
    "_meta": {
        "hash": {
            "sha256": "77d9cc7827857567934e88c03238d37e0bd82ce784d4f64398871962fecc21c9"
        },
        "pipfile-spec": 6,
        "requires": {
            "python_version": "2.7"
        },
        "sources": [
            {
                "name": "pypi",
                "url": "https://pypi.org/simple",
                "verify_ssl": true
            }
        ]
    },
    "default": {
        "voluptuous": {
            "hashes": [
                "sha256:6bbbe83a509d948230e9f921ba2e75173590be988eeb446dbe7a54268bef4da8",
                "sha256:af7315c9fa99e0bfd195a21106c82c81619b42f0bd9b6e287b797c6b6b6a9918"
            ],
            "index": "pypi",
            "version": "==0.11.1"
        }
    },
    "develop": {}
}
